// !$*UTF8*$!
{
	archiveVersion = 1;
	classes = {
	};
	objectVersion = 46;
	objects = {

/* Begin PBXBuildFile section */
		F71A3C9A1EB824F1007E01C1 /* mySDK.h in CopyFiles */ = {isa = PBXBuildFile; fileRef = F71A3C971EB824F1007E01C1 /* mySDK.h */; };
		F71A3CA31EB8253D007E01C1 /* myView.m in Sources */ = {isa = PBXBuildFile; fileRef = F71A3CA21EB8253D007E01C1 /* myView.m */; };
/* End PBXBuildFile section */

/* Begin PBXCopyFilesBuildPhase section */
		F71A3C921EB824F1007E01C1 /* CopyFiles */ = {
			isa = PBXCopyFilesBuildPhase;
			buildActionMask = 2147483647;
			dstPath = "include/$(PRODUCT_NAME)";
			dstSubfolderSpec = 16;
			files = (
				F71A3C9A1EB824F1007E01C1 /* mySDK.h in CopyFiles */,
			);
			runOnlyForDeploymentPostprocessing = 0;
		};
/* End PBXCopyFilesBuildPhase section */

/* Begin PBXFileReference section */
		F71A3C941EB824F1007E01C1 /* libmySDK.a */ = {isa = PBXFileReference; explicitFileType = archive.ar; includeInIndex = 0; path = libmySDK.a; sourceTree = BUILT_PRODUCTS_DIR; };
		F71A3C971EB824F1007E01C1 /* mySDK.h */ = {isa = PBXFileReference; lastKnownFileType = sourcecode.c.h; path = mySDK.h; sourceTree = "<group>"; };
		F71A3CA11EB8253D007E01C1 /* myView.h */ = {isa = PBXFileReference; fileEncoding = 4; lastKnownFileType = sourcecode.c.h; path = myView.h; sourceTree = "<group>"; };
		F71A3CA21EB8253D007E01C1 /* myView.m */ = {isa = PBXFileReference; fileEncoding = 4; lastKnownFileType = sourcecode.c.objc; path = myView.m; sourceTree = "<group>"; };
/* End PBXFileReference section */

/* Begin PBXFrameworksBuildPhase section */
		F71A3C911EB824F1007E01C1 /* Frameworks */ = {
			isa = PBXFrameworksBuildPhase;
			buildActionMask = 2147483647;
			files = (
			);
			runOnlyForDeploymentPostprocessing = 0;
		};
/* End PBXFrameworksBuildPhase section */

/* Begin PBXGroup section */
		F71A3C8B1EB824F1007E01C1 = {
			isa = PBXGroup;
			children = (
				F71A3C961EB824F1007E01C1 /* mySDK */,
				F71A3C951EB824F1007E01C1 /* Products */,
			);
			sourceTree = "<group>";
		};
		F71A3C951EB824F1007E01C1 /* Products */ = {
			isa = PBXGroup;
			children = (
				F71A3C941EB824F1007E01C1 /* libmySDK.a */,
			);
			name = Products;
			sourceTree = "<group>";
		};
		F71A3C961EB824F1007E01C1 /* mySDK */ = {
			isa = PBXGroup;
			children = (
				F71A3C971EB824F1007E01C1 /* mySDK.h */,
				F71A3CA01EB8252B007E01C1 /* MyView */,
			);
			path = mySDK;
			sourceTree = "<group>";
		};
		F71A3CA01EB8252B007E01C1 /* MyView */ = {
			isa = PBXGroup;
			children = (
				F71A3CA11EB8253D007E01C1 /* myView.h */,
				F71A3CA21EB8253D007E01C1 /* myView.m */,
			);
			path = MyView;
			sourceTree = "<group>";
		};
/* End PBXGroup section */

/* Begin PBXNativeTarget section */
		F71A3C931EB824F1007E01C1 /* mySDK */ = {
			isa = PBXNativeTarget;
			buildConfigurationList = F71A3C9D1EB824F1007E01C1 /* Build configuration list for PBXNativeTarget "mySDK" */;
			buildPhases = (
				F71A3C901EB824F1007E01C1 /* Sources */,
				F71A3C911EB824F1007E01C1 /* Frameworks */,
				F71A3C921EB824F1007E01C1 /* CopyFiles */,
			);
			buildRules = (
			);
			dependencies = (
			);
			name = mySDK;
			productName = mySDK;
			productReference = F71A3C941EB824F1007E01C1 /* libmySDK.a */;
			productType = "com.apple.product-type.library.static";
		};
/* End PBXNativeTarget section */

/* Begin PBXProject section */
		F71A3C8C1EB824F1007E01C1 /* Project object */ = {
			isa = PBXProject;
			attributes = {
				LastUpgradeCheck = 0820;
				ORGANIZATIONNAME = xunyijia;
				TargetAttributes = {
					F71A3C931EB824F1007E01C1 = {
						CreatedOnToolsVersion = 8.2.1;
						DevelopmentTeam = XHWG785JV3;
						ProvisioningStyle = Automatic;
					};
				};
			};
			buildConfigurationList = F71A3C8F1EB824F1007E01C1 /* Build configuration list for PBXProject "mySDK" */;
			compatibilityVersion = "Xcode 3.2";
			developmentRegion = English;
			hasScannedForEncodings = 0;
			knownRegions = (
				en,
			);
			mainGroup = F71A3C8B1EB824F1007E01C1;
			productRefGroup = F71A3C951EB824F1007E01C1 /* Products */;
			projectDirPath = "";
			projectRoot = "";
			targets = (
				F71A3C931EB824F1007E01C1 /* mySDK */,
			);
		};
/* End PBXProject section */

/* Begin PBXSourcesBuildPhase section */
		F71A3C901EB824F1007E01C1 /* Sources */ = {
			isa = PBXSourcesBuildPhase;
			buildActionMask = 2147483647;
			files = (
				F71A3CA31EB8253D007E01C1 /* myView.m in Sources */,
			);
			runOnlyForDeploymentPostprocessing = 0;
		};
/* End PBXSourcesBuildPhase section */

/* Begin XCBuildConfiguration section */
		F71A3C9B1EB824F1007E01C1 /* Debug */ = {
			isa = XCBuildConfiguration;
			buildSettings = {
				ALWAYS_SEARCH_USER_PATHS = NO;
				CLANG_ANALYZER_NONNULL = YES;
				CLANG_CXX_LANGUAGE_STANDARD = "gnu++0x";
				CLANG_CXX_LIBRARY = "libc++";
				CLANG_ENABLE_MODULES = YES;
				CLANG_ENABLE_OBJC_ARC = YES;
				CLANG_WARN_BOOL_CONVERSION = YES;
				CLANG_WARN_CONSTANT_CONVERSION = YES;
				CLANG_WARN_DIRECT_OBJC_ISA_USAGE = YES_ERROR;
				CLANG_WARN_DOCUMENTATION_COMMENTS = YES;
				CLANG_WARN_EMPTY_BODY = YES;
				CLANG_WARN_ENUM_CONVERSION = YES;
				CLANG_WARN_INFINITE_RECURSION = YES;
				CLANG_WARN_INT_CONVERSION = YES;
				CLANG_WARN_OBJC_ROOT_CLASS = YES_ERROR;
				CLANG_WARN_SUSPICIOUS_MOVE = YES;
				CLANG_WARN_UNREACHABLE_CODE = YES;
				CLANG_WARN__DUPLICATE_METHOD_MATCH = YES;
				"CODE_SIGN_IDENTITY[sdk=iphoneos*]" = "iPhone Developer";
				COPY_PHASE_STRIP = NO;
				DEBUG_INFORMATION_FORMAT = dwarf;
				ENABLE_STRICT_OBJC_MSGSEND = YES;
				ENABLE_TESTABILITY = YES;
				GCC_C_LANGUAGE_STANDARD = gnu99;
				GCC_DYNAMIC_NO_PIC = NO;
				GCC_NO_COMMON_BLOCKS = YES;
				GCC_OPTIMIZATION_LEVEL = 0;
				GCC_PREPROCESSOR_DEFINITIONS = (
					"DEBUG=1",
					"$(inherited)",
				);
				GCC_WARN_64_TO_32_BIT_CONVERSION = YES;
				GCC_WARN_ABOUT_RETURN_TYPE = YES_ERROR;
				GCC_WARN_UNDECLARED_SELECTOR = YES;
				GCC_WARN_UNINITIALIZED_AUTOS = YES_AGGRESSIVE;
				GCC_WARN_UNUSED_FUNCTION = YES;
				GCC_WARN_UNUSED_VARIABLE = YES;
				IPHONEOS_DEPLOYMENT_TARGET = 10.2;
				MTL_ENABLE_DEBUG_INFO = YES;
				ONLY_ACTIVE_ARCH = YES;
				SDKROOT = iphoneos;
			};
			name = Debug;
		};
		F71A3C9C1EB824F1007E01C1 /* Release */ = {
			isa = XCBuildConfiguration;
			buildSettings = {
				ALWAYS_SEARCH_USER_PATHS = NO;
				CLANG_ANALYZER_NONNULL = YES;
				CLANG_CXX_LANGUAGE_STANDARD = "gnu++0x";
				CLANG_CXX_LIBRARY = "libc++";
				CLANG_ENABLE_MODULES = YES;
				CLANG_ENABLE_OBJC_ARC = YES;
				CLANG_WARN_BOOL_CONVERSION = YES;
				CLANG_WARN_CONSTANT_CONVERSION = YES;
				CLANG_WARN_DIRECT_OBJC_ISA_USAGE = YES_ERROR;
				CLANG_WARN_DOCUMENTATION_COMMENTS = YES;
				CLANG_WARN_EMPTY_BODY = YES;
				CLANG_WARN_ENUM_CONVERSION = YES;
				CLANG_WARN_INFINITE_RECURSION = YES;
				CLANG_WARN_INT_CONVERSION = YES;
				CLANG_WARN_OBJC_ROOT_CLASS = YES_ERROR;
				CLANG_WARN_SUSPICIOUS_MOVE = YES;
				CLANG_WARN_UNREACHABLE_CODE = YES;
				CLANG_WARN__DUPLICATE_METHOD_MATCH = YES;
				"CODE_SIGN_IDENTITY[sdk=iphoneos*]" = "iPhone Developer";
				COPY_PHASE_STRIP = NO;
				DEBUG_INFORMATION_FORMAT = "dwarf-with-dsym";
				ENABLE_NS_ASSERTIONS = NO;
				ENABLE_STRICT_OBJC_MSGSEND = YES;
				GCC_C_LANGUAGE_STANDARD = gnu99;
				GCC_NO_COMMON_BLOCKS = YES;
				GCC_WARN_64_TO_32_BIT_CONVERSION = YES;
				GCC_WARN_ABOUT_RETURN_TYPE = YES_ERROR;
				GCC_WARN_UNDECLARED_SELECTOR = YES;
				GCC_WARN_UNINITIALIZED_AUTOS = YES_AGGRESSIVE;
				GCC_WARN_UNUSED_FUNCTION = YES;
				GCC_WARN_UNUSED_VARIABLE = YES;
				IPHONEOS_DEPLOYMENT_TARGET = 10.2;
				MTL_ENABLE_DEBUG_INFO = NO;
				SDKROOT = iphoneos;
				VALIDATE_PRODUCT = YES;
			};
			name = Release;
		};
		F71A3C9E1EB824F1007E01C1 /* Debug */ = {
			isa = XCBuildConfiguration;
			buildSettings = {
				DEVELOPMENT_TEAM = XHWG785JV3;
				OTHER_LDFLAGS = "-ObjC";
				PRODUCT_NAME = "$(TARGET_NAME)";
				SKIP_INSTALL = YES;
			};
			name = Debug;
		};
		F71A3C9F1EB824F1007E01C1 /* Release */ = {
			isa = XCBuildConfiguration;
			buildSettings = {
				DEVELOPMENT_TEAM = XHWG785JV3;
				OTHER_LDFLAGS = "-ObjC";
				PRODUCT_NAME = "$(TARGET_NAME)";
				SKIP_INSTALL = YES;
			};
			name = Release;
		};
/* End XCBuildConfiguration section */

/* Begin XCConfigurationList section */
		F71A3C8F1EB824F1007E01C1 /* Build configuration list for PBXProject "mySDK" */ = {
			isa = XCConfigurationList;
			buildConfigurations = (
				F71A3C9B1EB824F1007E01C1 /* Debug */,
				F71A3C9C1EB824F1007E01C1 /* Release */,
			);
			defaultConfigurationIsVisible = 0;
			defaultConfigurationName = Release;
		};
		F71A3C9D1EB824F1007E01C1 /* Build configuration list for PBXNativeTarget "mySDK" */ = {
			isa = XCConfigurationList;
			buildConfigurations = (
				F71A3C9E1EB824F1007E01C1 /* Debug */,
				F71A3C9F1EB824F1007E01C1 /* Release */,
			);
			defaultConfigurationIsVisible = 0;
		};
/* End XCConfigurationList section */
	};
	rootObject = F71A3C8C1EB824F1007E01C1 /* Project object */;
}
