// !$*UTF8*$!
{
	archiveVersion = 1;
	classes = {
	};
	objectVersion = 46;
	objects = {

/* Begin PBXBuildFile section */
		F77844A01ED3E115007CAD3C /* main.m in Sources */ = {isa = PBXBuildFile; fileRef = F778449F1ED3E115007CAD3C /* main.m */; };
		F77844A31ED3E115007CAD3C /* AppDelegate.m in Sources */ = {isa = PBXBuildFile; fileRef = F77844A21ED3E115007CAD3C /* AppDelegate.m */; };
		F77844A61ED3E115007CAD3C /* ViewController.m in Sources */ = {isa = PBXBuildFile; fileRef = F77844A51ED3E115007CAD3C /* ViewController.m */; };
		F77844A91ED3E115007CAD3C /* Main.storyboard in Resources */ = {isa = PBXBuildFile; fileRef = F77844A71ED3E115007CAD3C /* Main.storyboard */; };
		F77844AB1ED3E115007CAD3C /* Assets.xcassets in Resources */ = {isa = PBXBuildFile; fileRef = F77844AA1ED3E115007CAD3C /* Assets.xcassets */; };
		F77844AE1ED3E115007CAD3C /* LaunchScreen.storyboard in Resources */ = {isa = PBXBuildFile; fileRef = F77844AC1ED3E115007CAD3C /* LaunchScreen.storyboard */; };
		F77844B71ED3E1D4007CAD3C /* FTDetailView.m in Sources */ = {isa = PBXBuildFile; fileRef = F77844B61ED3E1D4007CAD3C /* FTDetailView.m */; };
/* End PBXBuildFile section */

/* Begin PBXFileReference section */
		F778449B1ED3E115007CAD3C /* faceTrackSystem.app */ = {isa = PBXFileReference; explicitFileType = wrapper.application; includeInIndex = 0; path = faceTrackSystem.app; sourceTree = BUILT_PRODUCTS_DIR; };
		F778449F1ED3E115007CAD3C /* main.m */ = {isa = PBXFileReference; lastKnownFileType = sourcecode.c.objc; path = main.m; sourceTree = "<group>"; };
		F77844A11ED3E115007CAD3C /* AppDelegate.h */ = {isa = PBXFileReference; lastKnownFileType = sourcecode.c.h; path = AppDelegate.h; sourceTree = "<group>"; };
		F77844A21ED3E115007CAD3C /* AppDelegate.m */ = {isa = PBXFileReference; lastKnownFileType = sourcecode.c.objc; path = AppDelegate.m; sourceTree = "<group>"; };
		F77844A41ED3E115007CAD3C /* ViewController.h */ = {isa = PBXFileReference; lastKnownFileType = sourcecode.c.h; path = ViewController.h; sourceTree = "<group>"; };
		F77844A51ED3E115007CAD3C /* ViewController.m */ = {isa = PBXFileReference; lastKnownFileType = sourcecode.c.objc; path = ViewController.m; sourceTree = "<group>"; };
		F77844A81ED3E115007CAD3C /* Base */ = {isa = PBXFileReference; lastKnownFileType = file.storyboard; name = Base; path = Base.lproj/Main.storyboard; sourceTree = "<group>"; };
		F77844AA1ED3E115007CAD3C /* Assets.xcassets */ = {isa = PBXFileReference; lastKnownFileType = folder.assetcatalog; path = Assets.xcassets; sourceTree = "<group>"; };
		F77844AD1ED3E115007CAD3C /* Base */ = {isa = PBXFileReference; lastKnownFileType = file.storyboard; name = Base; path = Base.lproj/LaunchScreen.storyboard; sourceTree = "<group>"; };
		F77844AF1ED3E115007CAD3C /* Info.plist */ = {isa = PBXFileReference; lastKnownFileType = text.plist.xml; path = Info.plist; sourceTree = "<group>"; };
		F77844B51ED3E1D4007CAD3C /* FTDetailView.h */ = {isa = PBXFileReference; fileEncoding = 4; lastKnownFileType = sourcecode.c.h; path = FTDetailView.h; sourceTree = "<group>"; };
		F77844B61ED3E1D4007CAD3C /* FTDetailView.m */ = {isa = PBXFileReference; fileEncoding = 4; lastKnownFileType = sourcecode.c.objc; path = FTDetailView.m; sourceTree = "<group>"; };
/* End PBXFileReference section */

/* Begin PBXFrameworksBuildPhase section */
		F77844981ED3E115007CAD3C /* Frameworks */ = {
			isa = PBXFrameworksBuildPhase;
			buildActionMask = 2147483647;
			files = (
			);
			runOnlyForDeploymentPostprocessing = 0;
		};
/* End PBXFrameworksBuildPhase section */

/* Begin PBXGroup section */
		F77844921ED3E115007CAD3C = {
			isa = PBXGroup;
			children = (
				F778449D1ED3E115007CAD3C /* faceTrackSystem */,
				F778449C1ED3E115007CAD3C /* Products */,
			);
			sourceTree = "<group>";
		};
		F778449C1ED3E115007CAD3C /* Products */ = {
			isa = PBXGroup;
			children = (
				F778449B1ED3E115007CAD3C /* faceTrackSystem.app */,
			);
			name = Products;
			sourceTree = "<group>";
		};
		F778449D1ED3E115007CAD3C /* faceTrackSystem */ = {
			isa = PBXGroup;
			children = (
				F77844A11ED3E115007CAD3C /* AppDelegate.h */,
				F77844A21ED3E115007CAD3C /* AppDelegate.m */,
				F77844B51ED3E1D4007CAD3C /* FTDetailView.h */,
				F77844B61ED3E1D4007CAD3C /* FTDetailView.m */,
				F77844A41ED3E115007CAD3C /* ViewController.h */,
				F77844A51ED3E115007CAD3C /* ViewController.m */,
				F77844A71ED3E115007CAD3C /* Main.storyboard */,
				F77844AA1ED3E115007CAD3C /* Assets.xcassets */,
				F77844AC1ED3E115007CAD3C /* LaunchScreen.storyboard */,
				F77844AF1ED3E115007CAD3C /* Info.plist */,
				F778449E1ED3E115007CAD3C /* Supporting Files */,
			);
			path = faceTrackSystem;
			sourceTree = "<group>";
		};
		F778449E1ED3E115007CAD3C /* Supporting Files */ = {
			isa = PBXGroup;
			children = (
				F778449F1ED3E115007CAD3C /* main.m */,
			);
			name = "Supporting Files";
			sourceTree = "<group>";
		};
/* End PBXGroup section */

/* Begin PBXNativeTarget section */
		F778449A1ED3E115007CAD3C /* faceTrackSystem */ = {
			isa = PBXNativeTarget;
			buildConfigurationList = F77844B21ED3E115007CAD3C /* Build configuration list for PBXNativeTarget "faceTrackSystem" */;
			buildPhases = (
				F77844971ED3E115007CAD3C /* Sources */,
				F77844981ED3E115007CAD3C /* Frameworks */,
				F77844991ED3E115007CAD3C /* Resources */,
			);
			buildRules = (
			);
			dependencies = (
			);
			name = faceTrackSystem;
			productName = faceTrackSystem;
			productReference = F778449B1ED3E115007CAD3C /* faceTrackSystem.app */;
			productType = "com.apple.product-type.application";
		};
/* End PBXNativeTarget section */

/* Begin PBXProject section */
		F77844931ED3E115007CAD3C /* Project object */ = {
			isa = PBXProject;
			attributes = {
				LastUpgradeCheck = 0820;
				ORGANIZATIONNAME = xunyijia;
				TargetAttributes = {
					F778449A1ED3E115007CAD3C = {
						CreatedOnToolsVersion = 8.2.1;
						DevelopmentTeam = XHWG785JV3;
						ProvisioningStyle = Automatic;
					};
				};
			};
			buildConfigurationList = F77844961ED3E115007CAD3C /* Build configuration list for PBXProject "faceTrackSystem" */;
			compatibilityVersion = "Xcode 3.2";
			developmentRegion = English;
			hasScannedForEncodings = 0;
			knownRegions = (
				en,
				Base,
			);
			mainGroup = F77844921ED3E115007CAD3C;
			productRefGroup = F778449C1ED3E115007CAD3C /* Products */;
			projectDirPath = "";
			projectRoot = "";
			targets = (
				F778449A1ED3E115007CAD3C /* faceTrackSystem */,
			);
		};
/* End PBXProject section */

/* Begin PBXResourcesBuildPhase section */
		F77844991ED3E115007CAD3C /* Resources */ = {
			isa = PBXResourcesBuildPhase;
			buildActionMask = 2147483647;
			files = (
				F77844AE1ED3E115007CAD3C /* LaunchScreen.storyboard in Resources */,
				F77844AB1ED3E115007CAD3C /* Assets.xcassets in Resources */,
				F77844A91ED3E115007CAD3C /* Main.storyboard in Resources */,
			);
			runOnlyForDeploymentPostprocessing = 0;
		};
/* End PBXResourcesBuildPhase section */

/* Begin PBXSourcesBuildPhase section */
		F77844971ED3E115007CAD3C /* Sources */ = {
			isa = PBXSourcesBuildPhase;
			buildActionMask = 2147483647;
			files = (
				F77844A61ED3E115007CAD3C /* ViewController.m in Sources */,
				F77844B71ED3E1D4007CAD3C /* FTDetailView.m in Sources */,
				F77844A31ED3E115007CAD3C /* AppDelegate.m in Sources */,
				F77844A01ED3E115007CAD3C /* main.m in Sources */,
			);
			runOnlyForDeploymentPostprocessing = 0;
		};
/* End PBXSourcesBuildPhase section */

/* Begin PBXVariantGroup section */
		F77844A71ED3E115007CAD3C /* Main.storyboard */ = {
			isa = PBXVariantGroup;
			children = (
				F77844A81ED3E115007CAD3C /* Base */,
			);
			name = Main.storyboard;
			sourceTree = "<group>";
		};
		F77844AC1ED3E115007CAD3C /* LaunchScreen.storyboard */ = {
			isa = PBXVariantGroup;
			children = (
				F77844AD1ED3E115007CAD3C /* Base */,
			);
			name = LaunchScreen.storyboard;
			sourceTree = "<group>";
		};
/* End PBXVariantGroup section */

/* Begin XCBuildConfiguration section */
		F77844B01ED3E115007CAD3C /* Debug */ = {
			isa = XCBuildConfiguration;
			buildSettings = {
				ALWAYS_SEARCH_USER_PATHS = NO;
				CLANG_ANALYZER_NONNULL = YES;
				CLANG_CXX_LANGUAGE_STANDARD = "gnu++0x";
				CLANG_CXX_LIBRARY = "libc++";
				CLANG_ENABLE_MODULES = YES;
				CLANG_ENABLE_OBJC_ARC = YES;
				CLANG_WARN_BOOL_CONVERSION = YES;
				CLANG_WARN_CONSTANT_CONVERSION = YES;
				CLANG_WARN_DIRECT_OBJC_ISA_USAGE = YES_ERROR;
				CLANG_WARN_DOCUMENTATION_COMMENTS = YES;
				CLANG_WARN_EMPTY_BODY = YES;
				CLANG_WARN_ENUM_CONVERSION = YES;
				CLANG_WARN_INFINITE_RECURSION = YES;
				CLANG_WARN_INT_CONVERSION = YES;
				CLANG_WARN_OBJC_ROOT_CLASS = YES_ERROR;
				CLANG_WARN_SUSPICIOUS_MOVE = YES;
				CLANG_WARN_UNREACHABLE_CODE = YES;
				CLANG_WARN__DUPLICATE_METHOD_MATCH = YES;
				"CODE_SIGN_IDENTITY[sdk=iphoneos*]" = "iPhone Developer";
				COPY_PHASE_STRIP = NO;
				DEBUG_INFORMATION_FORMAT = dwarf;
				ENABLE_STRICT_OBJC_MSGSEND = YES;
				ENABLE_TESTABILITY = YES;
				GCC_C_LANGUAGE_STANDARD = gnu99;
				GCC_DYNAMIC_NO_PIC = NO;
				GCC_NO_COMMON_BLOCKS = YES;
				GCC_OPTIMIZATION_LEVEL = 0;
				GCC_PREPROCESSOR_DEFINITIONS = (
					"DEBUG=1",
					"$(inherited)",
				);
				GCC_WARN_64_TO_32_BIT_CONVERSION = YES;
				GCC_WARN_ABOUT_RETURN_TYPE = YES_ERROR;
				GCC_WARN_UNDECLARED_SELECTOR = YES;
				GCC_WARN_UNINITIALIZED_AUTOS = YES_AGGRESSIVE;
				GCC_WARN_UNUSED_FUNCTION = YES;
				GCC_WARN_UNUSED_VARIABLE = YES;
				IPHONEOS_DEPLOYMENT_TARGET = 10.2;
				MTL_ENABLE_DEBUG_INFO = YES;
				ONLY_ACTIVE_ARCH = YES;
				SDKROOT = iphoneos;
				TARGETED_DEVICE_FAMILY = "1,2";
			};
			name = Debug;
		};
		F77844B11ED3E115007CAD3C /* Release */ = {
			isa = XCBuildConfiguration;
			buildSettings = {
				ALWAYS_SEARCH_USER_PATHS = NO;
				CLANG_ANALYZER_NONNULL = YES;
				CLANG_CXX_LANGUAGE_STANDARD = "gnu++0x";
				CLANG_CXX_LIBRARY = "libc++";
				CLANG_ENABLE_MODULES = YES;
				CLANG_ENABLE_OBJC_ARC = YES;
				CLANG_WARN_BOOL_CONVERSION = YES;
				CLANG_WARN_CONSTANT_CONVERSION = YES;
				CLANG_WARN_DIRECT_OBJC_ISA_USAGE = YES_ERROR;
				CLANG_WARN_DOCUMENTATION_COMMENTS = YES;
				CLANG_WARN_EMPTY_BODY = YES;
				CLANG_WARN_ENUM_CONVERSION = YES;
				CLANG_WARN_INFINITE_RECURSION = YES;
				CLANG_WARN_INT_CONVERSION = YES;
				CLANG_WARN_OBJC_ROOT_CLASS = YES_ERROR;
				CLANG_WARN_SUSPICIOUS_MOVE = YES;
				CLANG_WARN_UNREACHABLE_CODE = YES;
				CLANG_WARN__DUPLICATE_METHOD_MATCH = YES;
				"CODE_SIGN_IDENTITY[sdk=iphoneos*]" = "iPhone Developer";
				COPY_PHASE_STRIP = NO;
				DEBUG_INFORMATION_FORMAT = "dwarf-with-dsym";
				ENABLE_NS_ASSERTIONS = NO;
				ENABLE_STRICT_OBJC_MSGSEND = YES;
				GCC_C_LANGUAGE_STANDARD = gnu99;
				GCC_NO_COMMON_BLOCKS = YES;
				GCC_WARN_64_TO_32_BIT_CONVERSION = YES;
				GCC_WARN_ABOUT_RETURN_TYPE = YES_ERROR;
				GCC_WARN_UNDECLARED_SELECTOR = YES;
				GCC_WARN_UNINITIALIZED_AUTOS = YES_AGGRESSIVE;
				GCC_WARN_UNUSED_FUNCTION = YES;
				GCC_WARN_UNUSED_VARIABLE = YES;
				IPHONEOS_DEPLOYMENT_TARGET = 10.2;
				MTL_ENABLE_DEBUG_INFO = NO;
				SDKROOT = iphoneos;
				TARGETED_DEVICE_FAMILY = "1,2";
				VALIDATE_PRODUCT = YES;
			};
			name = Release;
		};
		F77844B31ED3E115007CAD3C /* Debug */ = {
			isa = XCBuildConfiguration;
			buildSettings = {
				ASSETCATALOG_COMPILER_APPICON_NAME = AppIcon;
				"CODE_SIGN_IDENTITY[sdk=iphoneos*]" = "iPhone Developer";
				DEVELOPMENT_TEAM = XHWG785JV3;
				INFOPLIST_FILE = faceTrackSystem/Info.plist;
				IPHONEOS_DEPLOYMENT_TARGET = 7.0;
				LD_RUNPATH_SEARCH_PATHS = "$(inherited) @executable_path/Frameworks";
				PRODUCT_BUNDLE_IDENTIFIER = com.xunyijia.faceTrackSystem;
				PRODUCT_NAME = "$(TARGET_NAME)";
			};
			name = Debug;
		};
		F77844B41ED3E115007CAD3C /* Release */ = {
			isa = XCBuildConfiguration;
			buildSettings = {
				ASSETCATALOG_COMPILER_APPICON_NAME = AppIcon;
				"CODE_SIGN_IDENTITY[sdk=iphoneos*]" = "iPhone Developer";
				DEVELOPMENT_TEAM = XHWG785JV3;
				INFOPLIST_FILE = faceTrackSystem/Info.plist;
				IPHONEOS_DEPLOYMENT_TARGET = 7.0;
				LD_RUNPATH_SEARCH_PATHS = "$(inherited) @executable_path/Frameworks";
				PRODUCT_BUNDLE_IDENTIFIER = com.xunyijia.faceTrackSystem;
				PRODUCT_NAME = "$(TARGET_NAME)";
			};
			name = Release;
		};
/* End XCBuildConfiguration section */

/* Begin XCConfigurationList section */
		F77844961ED3E115007CAD3C /* Build configuration list for PBXProject "faceTrackSystem" */ = {
			isa = XCConfigurationList;
			buildConfigurations = (
				F77844B01ED3E115007CAD3C /* Debug */,
				F77844B11ED3E115007CAD3C /* Release */,
			);
			defaultConfigurationIsVisible = 0;
			defaultConfigurationName = Release;
		};
		F77844B21ED3E115007CAD3C /* Build configuration list for PBXNativeTarget "faceTrackSystem" */ = {
			isa = XCConfigurationList;
			buildConfigurations = (
				F77844B31ED3E115007CAD3C /* Debug */,
				F77844B41ED3E115007CAD3C /* Release */,
			);
			defaultConfigurationIsVisible = 0;
		};
/* End XCConfigurationList section */
	};
	rootObject = F77844931ED3E115007CAD3C /* Project object */;
}
